
Microsoft Visual Studio Solution File, Format Version 12.00
# Visual Studio 15
VisualStudioVersion = 15.0.26730.16
MinimumVisualStudioVersion = 10.0.40219.1
Project("{FAE04EC0-301F-11D3-BF4B-00C04F79EFBC}") = "Bonus17", "Bonus17\Bonus17.csproj", "{3D56E99C-B80F-4701-8AFD-1F5C40D4FC19}"
EndProject
Global
	GlobalSection(SolutionConfigurationPlatforms) = preSolution
		Debug|Any CPU = Debug|Any CPU
		Release|Any CPU = Release|Any CPU
	EndGlobalSection
	GlobalSection(ProjectConfigurationPlatforms) = postSolution
		{3D56E99C-B80F-4701-8AFD-1F5C40D4FC19}.Debug|Any CPU.ActiveCfg = Debug|Any CPU
		{3D56E99C-B80F-4701-8AFD-1F5C40D4FC19}.Debug|Any CPU.Build.0 = Debug|Any CPU
		{3D56E99C-B80F-4701-8AFD-1F5C40D4FC19}.Release|Any CPU.ActiveCfg = Release|Any CPU
		{3D56E99C-B80F-4701-8AFD-1F5C40D4FC19}.Release|Any CPU.Build.0 = Release|Any CPU
	EndGlobalSection
	GlobalSection(SolutionProperties) = preSolution
		HideSolutionNode = FALSE
	EndGlobalSection
	GlobalSection(ExtensibilityGlobals) = postSolution
		SolutionGuid = {BE8CA0DF-4242-49E4-B7E1-A610BBF6C1AD}
	EndGlobalSection
EndGlobal
